
Microsoft Visual Studio Solution File, Format Version 12.00
# Visual Studio 14
VisualStudioVersion = 14.0.25420.1
MinimumVisualStudioVersion = 10.0.40219.1
Project("{FAE04EC0-301F-11D3-BF4B-00C04F79EFBC}") = "WoWToons_WebForms", "WoWToons_WebForms\WoWToons_WebForms.csproj", "{A34E4857-2C5D-4503-9E84-94D927FCC115}"
EndProject
Global
	GlobalSection(SolutionConfigurationPlatforms) = preSolution
		Debug|Any CPU = Debug|Any CPU
		Release|Any CPU = Release|Any CPU
	EndGlobalSection
	GlobalSection(ProjectConfigurationPlatforms) = postSolution
		{A34E4857-2C5D-4503-9E84-94D927FCC115}.Debug|Any CPU.ActiveCfg = Debug|Any CPU
		{A34E4857-2C5D-4503-9E84-94D927FCC115}.Debug|Any CPU.Build.0 = Debug|Any CPU
		{A34E4857-2C5D-4503-9E84-94D927FCC115}.Release|Any CPU.ActiveCfg = Release|Any CPU
		{A34E4857-2C5D-4503-9E84-94D927FCC115}.Release|Any CPU.Build.0 = Release|Any CPU
	EndGlobalSection
	GlobalSection(SolutionProperties) = preSolution
		HideSolutionNode = FALSE
	EndGlobalSection
EndGlobal
